[root]
name = "packet_sniffer"
version = "0.1.0"
dependencies = [
 "argparse 0.2.1 (registry+https://github.com/rust-lang/crates.io-index)",
 "pcap 0.5.2 (registry+https://github.com/rust-lang/crates.io-index)",
]

[[package]]
name = "argparse"
version = "0.2.1"
source = "registry+https://github.com/rust-lang/crates.io-index"

[[package]]
name = "libc"
version = "0.1.12"
source = "registry+https://github.com/rust-lang/crates.io-index"

[[package]]
name = "pcap"
version = "0.5.2"
source = "registry+https://github.com/rust-lang/crates.io-index"
dependencies = [
 "libc 0.1.12 (registry+https://github.com/rust-lang/crates.io-index)",
]

